
Microsoft Visual Studio Solution File, Format Version 12.00
# Visual Studio Version 17
VisualStudioVersion = 17.14.36121.58
MinimumVisualStudioVersion = 10.0.40219.1
Project("{FAE04EC0-301F-11D3-BF4B-00C04F79EFBC}") = "TerraFirmaGregCalculator", "TerraFirmaGregCalculator\TerraFirmaGregCalculator.csproj", "{F39B34EF-B48B-405E-84BC-AE8858AFF802}"
EndProject
Project("{2150E333-8FDC-42A3-9474-1A3956D46DE8}") = "Tests", "Tests", "{02EA681E-C7D8-13C7-8484-4AC65E1B71E8}"
EndProject
Project("{FAE04EC0-301F-11D3-BF4B-00C04F79EFBC}") = "TerraFirmaGregCalculator.Test", "Tests\TerraFirmaGregCalculator.Test\TerraFirmaGregCalculator.Test.csproj", "{14A17A21-2607-4C11-A57B-4BFB48BA7E88}"
EndProject
Project("{2150E333-8FDC-42A3-9474-1A3956D46DE8}") = "Solution Items", "Solution Items", "{8EC462FD-D22E-90A8-E5CE-7E832BA40C5D}"
	ProjectSection(SolutionItems) = preProject
		config.json = config.json
	EndProjectSection
EndProject
Global
	GlobalSection(SolutionConfigurationPlatforms) = preSolution
		Debug|Any CPU = Debug|Any CPU
		Debug|x64 = Debug|x64
		Release|Any CPU = Release|Any CPU
		Release|x64 = Release|x64
	EndGlobalSection
	GlobalSection(ProjectConfigurationPlatforms) = postSolution
		{F39B34EF-B48B-405E-84BC-AE8858AFF802}.Debug|Any CPU.ActiveCfg = Debug|Any CPU
		{F39B34EF-B48B-405E-84BC-AE8858AFF802}.Debug|Any CPU.Build.0 = Debug|Any CPU
		{F39B34EF-B48B-405E-84BC-AE8858AFF802}.Debug|x64.ActiveCfg = Debug|x64
		{F39B34EF-B48B-405E-84BC-AE8858AFF802}.Debug|x64.Build.0 = Debug|x64
		{F39B34EF-B48B-405E-84BC-AE8858AFF802}.Release|Any CPU.ActiveCfg = Release|Any CPU
		{F39B34EF-B48B-405E-84BC-AE8858AFF802}.Release|Any CPU.Build.0 = Release|Any CPU
		{F39B34EF-B48B-405E-84BC-AE8858AFF802}.Release|x64.ActiveCfg = Release|x64
		{F39B34EF-B48B-405E-84BC-AE8858AFF802}.Release|x64.Build.0 = Release|x64
		{14A17A21-2607-4C11-A57B-4BFB48BA7E88}.Debug|Any CPU.ActiveCfg = Debug|Any CPU
		{14A17A21-2607-4C11-A57B-4BFB48BA7E88}.Debug|Any CPU.Build.0 = Debug|Any CPU
		{14A17A21-2607-4C11-A57B-4BFB48BA7E88}.Debug|x64.ActiveCfg = Debug|Any CPU
		{14A17A21-2607-4C11-A57B-4BFB48BA7E88}.Debug|x64.Build.0 = Debug|Any CPU
		{14A17A21-2607-4C11-A57B-4BFB48BA7E88}.Release|Any CPU.ActiveCfg = Release|Any CPU
		{14A17A21-2607-4C11-A57B-4BFB48BA7E88}.Release|Any CPU.Build.0 = Release|Any CPU
		{14A17A21-2607-4C11-A57B-4BFB48BA7E88}.Release|x64.ActiveCfg = Release|x64
		{14A17A21-2607-4C11-A57B-4BFB48BA7E88}.Release|x64.Build.0 = Release|x64
	EndGlobalSection
	GlobalSection(SolutionProperties) = preSolution
		HideSolutionNode = FALSE
	EndGlobalSection
	GlobalSection(NestedProjects) = preSolution
		{14A17A21-2607-4C11-A57B-4BFB48BA7E88} = {02EA681E-C7D8-13C7-8484-4AC65E1B71E8}
	EndGlobalSection
	GlobalSection(ExtensibilityGlobals) = postSolution
		SolutionGuid = {E6F5275E-EE62-4585-83FE-E7EE3590CB8A}
	EndGlobalSection
EndGlobal
